
Microsoft Visual Studio Solution File, Format Version 12.00
# Visual Studio Version 16
VisualStudioVersion = 16.0.31702.278
MinimumVisualStudioVersion = 10.0.40219.1
Project("{2150E333-8FDC-42A3-9474-1A3956D46DE8}") = "src", "src", "{DF5805DF-04F4-44DD-86FC-D89262E6DC71}"
EndProject
Project("{FAE04EC0-301F-11D3-BF4B-00C04F79EFBC}") = "TobysBot", "src\TobysBot\TobysBot.csproj", "{D9E01068-B967-4921-AEFD-5FFC4C5CEAF1}"
EndProject
Project("{FAE04EC0-301F-11D3-BF4B-00C04F79EFBC}") = "TobysBot.Voice", "src\TobysBot.Voice\TobysBot.Voice.csproj", "{5B70776E-9887-4C5F-AF48-530F8025ED06}"
EndProject
Project("{FAE04EC0-301F-11D3-BF4B-00C04F79EFBC}") = "TobysBot.Music", "src\TobysBot.Music\TobysBot.Music.csproj", "{5D963BEB-5BBB-48DB-B429-4A348853270D}"
EndProject
Project("{FAE04EC0-301F-11D3-BF4B-00C04F79EFBC}") = "TobysBot.Web", "src\TobysBot.Web\TobysBot.Web.csproj", "{6A6BC4C2-59F3-438E-AA26-63B40A997188}"
EndProject
Project("{FAE04EC0-301F-11D3-BF4B-00C04F79EFBC}") = "TobysBot.Misc", "src\TobysBot.Misc\TobysBot.Misc.csproj", "{5E907A02-40B3-4E51-9BC8-E818F68B5F30}"
EndProject
Project("{FAE04EC0-301F-11D3-BF4B-00C04F79EFBC}") = "TobysBot.Mongo", "src\TobysBot.Mongo\TobysBot.Mongo.csproj", "{CD0BDA9E-3EA3-491B-AC6F-63879222BFDE}"
EndProject
Project("{2150E333-8FDC-42A3-9474-1A3956D46DE8}") = "tests", "tests", "{A8805221-AF9A-4567-953A-9B900A2061FF}"
EndProject
Project("{FAE04EC0-301F-11D3-BF4B-00C04F79EFBC}") = "TobysBot.Tests", "tests\TobysBot.Tests\TobysBot.Tests.csproj", "{394EFF5C-4CCC-44D5-A280-704CBFAB8EB6}"
EndProject
Project("{FAE04EC0-301F-11D3-BF4B-00C04F79EFBC}") = "TobysBot.Util", "src\TobysBot.Util\TobysBot.Util.csproj", "{4EE5F300-4B12-440D-B2D7-6F97407783D2}"
EndProject
Global
	GlobalSection(SolutionConfigurationPlatforms) = preSolution
		Debug|Any CPU = Debug|Any CPU
		Release|Any CPU = Release|Any CPU
	EndGlobalSection
	GlobalSection(ProjectConfigurationPlatforms) = postSolution
		{D9E01068-B967-4921-AEFD-5FFC4C5CEAF1}.Debug|Any CPU.ActiveCfg = Debug|Any CPU
		{D9E01068-B967-4921-AEFD-5FFC4C5CEAF1}.Debug|Any CPU.Build.0 = Debug|Any CPU
		{D9E01068-B967-4921-AEFD-5FFC4C5CEAF1}.Release|Any CPU.ActiveCfg = Release|Any CPU
		{D9E01068-B967-4921-AEFD-5FFC4C5CEAF1}.Release|Any CPU.Build.0 = Release|Any CPU
		{5B70776E-9887-4C5F-AF48-530F8025ED06}.Debug|Any CPU.ActiveCfg = Debug|Any CPU
		{5B70776E-9887-4C5F-AF48-530F8025ED06}.Debug|Any CPU.Build.0 = Debug|Any CPU
		{5B70776E-9887-4C5F-AF48-530F8025ED06}.Release|Any CPU.ActiveCfg = Release|Any CPU
		{5B70776E-9887-4C5F-AF48-530F8025ED06}.Release|Any CPU.Build.0 = Release|Any CPU
		{5D963BEB-5BBB-48DB-B429-4A348853270D}.Debug|Any CPU.ActiveCfg = Debug|Any CPU
		{5D963BEB-5BBB-48DB-B429-4A348853270D}.Debug|Any CPU.Build.0 = Debug|Any CPU
		{5D963BEB-5BBB-48DB-B429-4A348853270D}.Release|Any CPU.ActiveCfg = Release|Any CPU
		{5D963BEB-5BBB-48DB-B429-4A348853270D}.Release|Any CPU.Build.0 = Release|Any CPU
		{6A6BC4C2-59F3-438E-AA26-63B40A997188}.Debug|Any CPU.ActiveCfg = Debug|Any CPU
		{6A6BC4C2-59F3-438E-AA26-63B40A997188}.Debug|Any CPU.Build.0 = Debug|Any CPU
		{6A6BC4C2-59F3-438E-AA26-63B40A997188}.Release|Any CPU.ActiveCfg = Release|Any CPU
		{6A6BC4C2-59F3-438E-AA26-63B40A997188}.Release|Any CPU.Build.0 = Release|Any CPU
		{5E907A02-40B3-4E51-9BC8-E818F68B5F30}.Debug|Any CPU.ActiveCfg = Debug|Any CPU
		{5E907A02-40B3-4E51-9BC8-E818F68B5F30}.Debug|Any CPU.Build.0 = Debug|Any CPU
		{5E907A02-40B3-4E51-9BC8-E818F68B5F30}.Release|Any CPU.ActiveCfg = Release|Any CPU
		{5E907A02-40B3-4E51-9BC8-E818F68B5F30}.Release|Any CPU.Build.0 = Release|Any CPU
		{CD0BDA9E-3EA3-491B-AC6F-63879222BFDE}.Debug|Any CPU.ActiveCfg = Debug|Any CPU
		{CD0BDA9E-3EA3-491B-AC6F-63879222BFDE}.Debug|Any CPU.Build.0 = Debug|Any CPU
		{CD0BDA9E-3EA3-491B-AC6F-63879222BFDE}.Release|Any CPU.ActiveCfg = Release|Any CPU
		{CD0BDA9E-3EA3-491B-AC6F-63879222BFDE}.Release|Any CPU.Build.0 = Release|Any CPU
		{394EFF5C-4CCC-44D5-A280-704CBFAB8EB6}.Debug|Any CPU.ActiveCfg = Debug|Any CPU
		{394EFF5C-4CCC-44D5-A280-704CBFAB8EB6}.Debug|Any CPU.Build.0 = Debug|Any CPU
		{394EFF5C-4CCC-44D5-A280-704CBFAB8EB6}.Release|Any CPU.ActiveCfg = Release|Any CPU
		{394EFF5C-4CCC-44D5-A280-704CBFAB8EB6}.Release|Any CPU.Build.0 = Release|Any CPU
		{4EE5F300-4B12-440D-B2D7-6F97407783D2}.Debug|Any CPU.ActiveCfg = Debug|Any CPU
		{4EE5F300-4B12-440D-B2D7-6F97407783D2}.Debug|Any CPU.Build.0 = Debug|Any CPU
		{4EE5F300-4B12-440D-B2D7-6F97407783D2}.Release|Any CPU.ActiveCfg = Release|Any CPU
		{4EE5F300-4B12-440D-B2D7-6F97407783D2}.Release|Any CPU.Build.0 = Release|Any CPU
	EndGlobalSection
	GlobalSection(SolutionProperties) = preSolution
		HideSolutionNode = FALSE
	EndGlobalSection
	GlobalSection(ExtensibilityGlobals) = postSolution
		SolutionGuid = {466E9A69-246D-4916-9672-720A49E50022}
	EndGlobalSection
	GlobalSection(NestedProjects) = preSolution
		{D9E01068-B967-4921-AEFD-5FFC4C5CEAF1} = {DF5805DF-04F4-44DD-86FC-D89262E6DC71}
		{5B70776E-9887-4C5F-AF48-530F8025ED06} = {DF5805DF-04F4-44DD-86FC-D89262E6DC71}
		{5D963BEB-5BBB-48DB-B429-4A348853270D} = {DF5805DF-04F4-44DD-86FC-D89262E6DC71}
		{6A6BC4C2-59F3-438E-AA26-63B40A997188} = {DF5805DF-04F4-44DD-86FC-D89262E6DC71}
		{5E907A02-40B3-4E51-9BC8-E818F68B5F30} = {DF5805DF-04F4-44DD-86FC-D89262E6DC71}
		{CD0BDA9E-3EA3-491B-AC6F-63879222BFDE} = {DF5805DF-04F4-44DD-86FC-D89262E6DC71}
		{394EFF5C-4CCC-44D5-A280-704CBFAB8EB6} = {A8805221-AF9A-4567-953A-9B900A2061FF}
		{4EE5F300-4B12-440D-B2D7-6F97407783D2} = {DF5805DF-04F4-44DD-86FC-D89262E6DC71}
	EndGlobalSection
EndGlobal
