
Microsoft Visual Studio Solution File, Format Version 12.00
# Visual Studio Version 16
VisualStudioVersion = 16.0.31702.278
MinimumVisualStudioVersion = 10.0.40219.1
Project("{FAE04EC0-301F-11D3-BF4B-00C04F79EFBC}") = "TobysBot", "TobysBot\TobysBot.csproj", "{8F077EB6-7EE9-49A1-9531-C6C7E4C56E17}"
EndProject
Project("{FAE04EC0-301F-11D3-BF4B-00C04F79EFBC}") = "TobysBot.Web", "TobysBot.Web\TobysBot.Web.csproj", "{5719BAFA-7A6B-4C67-A87D-D5E9094AFC7E}"
EndProject
Project("{FAE04EC0-301F-11D3-BF4B-00C04F79EFBC}") = "TobysBot.Voice", "TobysBot.Voice\TobysBot.Voice.csproj", "{2816BC2E-35F7-4C0F-8A0F-97E270E5DDFC}"
EndProject
Project("{FAE04EC0-301F-11D3-BF4B-00C04F79EFBC}") = "TobysBot.Music", "TobysBot.Music\TobysBot.Music.csproj", "{556314C7-E9EA-4974-99B1-A72ED4576DCA}"
EndProject
Project("{FAE04EC0-301F-11D3-BF4B-00C04F79EFBC}") = "TobysBot.Misc", "TobysBot.Misc\TobysBot.Misc.csproj", "{62D203BA-19F9-4C48-AA24-CEEC5411A88F}"
EndProject
Global
	GlobalSection(SolutionConfigurationPlatforms) = preSolution
		Debug|Any CPU = Debug|Any CPU
		Release|Any CPU = Release|Any CPU
	EndGlobalSection
	GlobalSection(ProjectConfigurationPlatforms) = postSolution
		{8F077EB6-7EE9-49A1-9531-C6C7E4C56E17}.Debug|Any CPU.ActiveCfg = Debug|Any CPU
		{8F077EB6-7EE9-49A1-9531-C6C7E4C56E17}.Debug|Any CPU.Build.0 = Debug|Any CPU
		{8F077EB6-7EE9-49A1-9531-C6C7E4C56E17}.Release|Any CPU.ActiveCfg = Release|Any CPU
		{8F077EB6-7EE9-49A1-9531-C6C7E4C56E17}.Release|Any CPU.Build.0 = Release|Any CPU
		{5719BAFA-7A6B-4C67-A87D-D5E9094AFC7E}.Debug|Any CPU.ActiveCfg = Debug|Any CPU
		{5719BAFA-7A6B-4C67-A87D-D5E9094AFC7E}.Debug|Any CPU.Build.0 = Debug|Any CPU
		{5719BAFA-7A6B-4C67-A87D-D5E9094AFC7E}.Release|Any CPU.ActiveCfg = Release|Any CPU
		{5719BAFA-7A6B-4C67-A87D-D5E9094AFC7E}.Release|Any CPU.Build.0 = Release|Any CPU
		{2816BC2E-35F7-4C0F-8A0F-97E270E5DDFC}.Debug|Any CPU.ActiveCfg = Debug|Any CPU
		{2816BC2E-35F7-4C0F-8A0F-97E270E5DDFC}.Debug|Any CPU.Build.0 = Debug|Any CPU
		{2816BC2E-35F7-4C0F-8A0F-97E270E5DDFC}.Release|Any CPU.ActiveCfg = Release|Any CPU
		{2816BC2E-35F7-4C0F-8A0F-97E270E5DDFC}.Release|Any CPU.Build.0 = Release|Any CPU
		{556314C7-E9EA-4974-99B1-A72ED4576DCA}.Debug|Any CPU.ActiveCfg = Debug|Any CPU
		{556314C7-E9EA-4974-99B1-A72ED4576DCA}.Debug|Any CPU.Build.0 = Debug|Any CPU
		{556314C7-E9EA-4974-99B1-A72ED4576DCA}.Release|Any CPU.ActiveCfg = Release|Any CPU
		{556314C7-E9EA-4974-99B1-A72ED4576DCA}.Release|Any CPU.Build.0 = Release|Any CPU
		{62D203BA-19F9-4C48-AA24-CEEC5411A88F}.Debug|Any CPU.ActiveCfg = Debug|Any CPU
		{62D203BA-19F9-4C48-AA24-CEEC5411A88F}.Debug|Any CPU.Build.0 = Debug|Any CPU
		{62D203BA-19F9-4C48-AA24-CEEC5411A88F}.Release|Any CPU.ActiveCfg = Release|Any CPU
		{62D203BA-19F9-4C48-AA24-CEEC5411A88F}.Release|Any CPU.Build.0 = Release|Any CPU
	EndGlobalSection
	GlobalSection(SolutionProperties) = preSolution
		HideSolutionNode = FALSE
	EndGlobalSection
	GlobalSection(ExtensibilityGlobals) = postSolution
		SolutionGuid = {466E9A69-246D-4916-9672-720A49E50022}
	EndGlobalSection
EndGlobal
